
Microsoft Visual Studio Solution File, Format Version 12.00
# Visual Studio Version 16
VisualStudioVersion = 16.0.30503.244
MinimumVisualStudioVersion = 10.0.40219.1
Project("{9A19103F-16F7-4668-BE54-9A1E7A4F7556}") = "ComaCuras.web", "ComaCuras.web.csproj", "{F4A2C430-B7B9-4F19-8AF0-B2FF91567E44}"
EndProject
Global
	GlobalSection(SolutionConfigurationPlatforms) = preSolution
		Debug|Any CPU = Debug|Any CPU
		Release|Any CPU = Release|Any CPU
	EndGlobalSection
	GlobalSection(ProjectConfigurationPlatforms) = postSolution
		{F4A2C430-B7B9-4F19-8AF0-B2FF91567E44}.Debug|Any CPU.ActiveCfg = Debug|Any CPU
		{F4A2C430-B7B9-4F19-8AF0-B2FF91567E44}.Debug|Any CPU.Build.0 = Debug|Any CPU
		{F4A2C430-B7B9-4F19-8AF0-B2FF91567E44}.Release|Any CPU.ActiveCfg = Release|Any CPU
		{F4A2C430-B7B9-4F19-8AF0-B2FF91567E44}.Release|Any CPU.Build.0 = Release|Any CPU
	EndGlobalSection
	GlobalSection(SolutionProperties) = preSolution
		HideSolutionNode = FALSE
	EndGlobalSection
	GlobalSection(ExtensibilityGlobals) = postSolution
		SolutionGuid = {CB07203C-D9EC-427B-96BC-F7ECD44123F2}
	EndGlobalSection
EndGlobal
